
Microsoft Visual Studio Solution File, Format Version 10.00
# Visual Studio 2008
Project("{8BC9CEB8-8B4A-11D0-8D11-00A0C91BC942}") = "libWince", "framework\libWince\libWince2008.vcproj", "{ACC575E0-F08E-40B5-8209-4984D76D697C}"
EndProject
Project("{2150E333-8FDC-42A3-9474-1A3956D46DE8}") = "Solution Items", "Solution Items", "{33EC3C56-82A2-4303-B570-1C55085AD994}"
	ProjectSection(SolutionItems) = preProject
		LatteVS2008.vsmdi = LatteVS2008.vsmdi
		LocalTestRun.testrunconfig = LocalTestRun.testrunconfig
	EndProjectSection
EndProject
Project("{8BC9CEB8-8B4A-11D0-8D11-00A0C91BC942}") = "libWinceTest", "tests\libWinceTest\libWinceTest.vcproj", "{10BB2A5F-0C91-46FD-A060-3B5FA67B7ABC}"
EndProject
Project("{8BC9CEB8-8B4A-11D0-8D11-00A0C91BC942}") = "winceUnitTestLib", "tests\winceUnitTestLib\winceUnitTestLib.vcproj", "{E60062C7-7190-4341-B50A-E439CCC83AAA}"
EndProject
Project("{8BC9CEB8-8B4A-11D0-8D11-00A0C91BC942}") = "idScanner", "projects\idScanner\idScanner\idScanner\idScanner.vcproj", "{04FC066E-1A7B-4143-83E8-90966D583C86}"
EndProject
Project("{8BC9CEB8-8B4A-11D0-8D11-00A0C91BC942}") = "updater", "projects\updater\updater\updater\updater.vcproj", "{E45E260B-2D7B-4B36-869B-356EE1C73C01}"
EndProject
Global
	GlobalSection(SolutionConfigurationPlatforms) = preSolution
		Debug|Mixed Platforms = Debug|Mixed Platforms
		Debug|Win32 = Debug|Win32
		Debug|Windows CE 5.0 (ARMV4I) = Debug|Windows CE 5.0 (ARMV4I)
		Release|Mixed Platforms = Release|Mixed Platforms
		Release|Win32 = Release|Win32
		Release|Windows CE 5.0 (ARMV4I) = Release|Windows CE 5.0 (ARMV4I)
	EndGlobalSection
	GlobalSection(ProjectConfigurationPlatforms) = postSolution
		{ACC575E0-F08E-40B5-8209-4984D76D697C}.Debug|Mixed Platforms.ActiveCfg = Debug|Windows CE 5.0 (ARMV4I)
		{ACC575E0-F08E-40B5-8209-4984D76D697C}.Debug|Mixed Platforms.Build.0 = Debug|Windows CE 5.0 (ARMV4I)
		{ACC575E0-F08E-40B5-8209-4984D76D697C}.Debug|Mixed Platforms.Deploy.0 = Debug|Windows CE 5.0 (ARMV4I)
		{ACC575E0-F08E-40B5-8209-4984D76D697C}.Debug|Win32.ActiveCfg = Debug|Windows CE 5.0 (ARMV4I)
		{ACC575E0-F08E-40B5-8209-4984D76D697C}.Debug|Windows CE 5.0 (ARMV4I).ActiveCfg = Debug|Windows CE 5.0 (ARMV4I)
		{ACC575E0-F08E-40B5-8209-4984D76D697C}.Debug|Windows CE 5.0 (ARMV4I).Build.0 = Debug|Windows CE 5.0 (ARMV4I)
		{ACC575E0-F08E-40B5-8209-4984D76D697C}.Debug|Windows CE 5.0 (ARMV4I).Deploy.0 = Debug|Windows CE 5.0 (ARMV4I)
		{ACC575E0-F08E-40B5-8209-4984D76D697C}.Release|Mixed Platforms.ActiveCfg = Release|Windows CE 5.0 (ARMV4I)
		{ACC575E0-F08E-40B5-8209-4984D76D697C}.Release|Mixed Platforms.Build.0 = Release|Windows CE 5.0 (ARMV4I)
		{ACC575E0-F08E-40B5-8209-4984D76D697C}.Release|Mixed Platforms.Deploy.0 = Release|Windows CE 5.0 (ARMV4I)
		{ACC575E0-F08E-40B5-8209-4984D76D697C}.Release|Win32.ActiveCfg = Release|Windows CE 5.0 (ARMV4I)
		{ACC575E0-F08E-40B5-8209-4984D76D697C}.Release|Windows CE 5.0 (ARMV4I).ActiveCfg = Release|Windows CE 5.0 (ARMV4I)
		{ACC575E0-F08E-40B5-8209-4984D76D697C}.Release|Windows CE 5.0 (ARMV4I).Build.0 = Release|Windows CE 5.0 (ARMV4I)
		{ACC575E0-F08E-40B5-8209-4984D76D697C}.Release|Windows CE 5.0 (ARMV4I).Deploy.0 = Release|Windows CE 5.0 (ARMV4I)
		{10BB2A5F-0C91-46FD-A060-3B5FA67B7ABC}.Debug|Mixed Platforms.ActiveCfg = Debug|Windows CE 5.0 (ARMV4I)
		{10BB2A5F-0C91-46FD-A060-3B5FA67B7ABC}.Debug|Mixed Platforms.Build.0 = Debug|Windows CE 5.0 (ARMV4I)
		{10BB2A5F-0C91-46FD-A060-3B5FA67B7ABC}.Debug|Mixed Platforms.Deploy.0 = Debug|Windows CE 5.0 (ARMV4I)
		{10BB2A5F-0C91-46FD-A060-3B5FA67B7ABC}.Debug|Win32.ActiveCfg = Debug|Windows CE 5.0 (ARMV4I)
		{10BB2A5F-0C91-46FD-A060-3B5FA67B7ABC}.Debug|Windows CE 5.0 (ARMV4I).ActiveCfg = Debug|Windows CE 5.0 (ARMV4I)
		{10BB2A5F-0C91-46FD-A060-3B5FA67B7ABC}.Debug|Windows CE 5.0 (ARMV4I).Build.0 = Debug|Windows CE 5.0 (ARMV4I)
		{10BB2A5F-0C91-46FD-A060-3B5FA67B7ABC}.Debug|Windows CE 5.0 (ARMV4I).Deploy.0 = Debug|Windows CE 5.0 (ARMV4I)
		{10BB2A5F-0C91-46FD-A060-3B5FA67B7ABC}.Release|Mixed Platforms.ActiveCfg = Release|Windows CE 5.0 (ARMV4I)
		{10BB2A5F-0C91-46FD-A060-3B5FA67B7ABC}.Release|Mixed Platforms.Build.0 = Release|Windows CE 5.0 (ARMV4I)
		{10BB2A5F-0C91-46FD-A060-3B5FA67B7ABC}.Release|Mixed Platforms.Deploy.0 = Release|Windows CE 5.0 (ARMV4I)
		{10BB2A5F-0C91-46FD-A060-3B5FA67B7ABC}.Release|Win32.ActiveCfg = Release|Windows CE 5.0 (ARMV4I)
		{10BB2A5F-0C91-46FD-A060-3B5FA67B7ABC}.Release|Windows CE 5.0 (ARMV4I).ActiveCfg = Release|Windows CE 5.0 (ARMV4I)
		{10BB2A5F-0C91-46FD-A060-3B5FA67B7ABC}.Release|Windows CE 5.0 (ARMV4I).Build.0 = Release|Windows CE 5.0 (ARMV4I)
		{10BB2A5F-0C91-46FD-A060-3B5FA67B7ABC}.Release|Windows CE 5.0 (ARMV4I).Deploy.0 = Release|Windows CE 5.0 (ARMV4I)
		{E60062C7-7190-4341-B50A-E439CCC83AAA}.Debug|Mixed Platforms.ActiveCfg = Debug|Windows CE 5.0 (ARMV4I)
		{E60062C7-7190-4341-B50A-E439CCC83AAA}.Debug|Mixed Platforms.Build.0 = Debug|Windows CE 5.0 (ARMV4I)
		{E60062C7-7190-4341-B50A-E439CCC83AAA}.Debug|Mixed Platforms.Deploy.0 = Debug|Windows CE 5.0 (ARMV4I)
		{E60062C7-7190-4341-B50A-E439CCC83AAA}.Debug|Win32.ActiveCfg = Debug|Windows CE 5.0 (ARMV4I)
		{E60062C7-7190-4341-B50A-E439CCC83AAA}.Debug|Windows CE 5.0 (ARMV4I).ActiveCfg = Debug|Windows CE 5.0 (ARMV4I)
		{E60062C7-7190-4341-B50A-E439CCC83AAA}.Debug|Windows CE 5.0 (ARMV4I).Build.0 = Debug|Windows CE 5.0 (ARMV4I)
		{E60062C7-7190-4341-B50A-E439CCC83AAA}.Debug|Windows CE 5.0 (ARMV4I).Deploy.0 = Debug|Windows CE 5.0 (ARMV4I)
		{E60062C7-7190-4341-B50A-E439CCC83AAA}.Release|Mixed Platforms.ActiveCfg = Release|Windows CE 5.0 (ARMV4I)
		{E60062C7-7190-4341-B50A-E439CCC83AAA}.Release|Mixed Platforms.Build.0 = Release|Windows CE 5.0 (ARMV4I)
		{E60062C7-7190-4341-B50A-E439CCC83AAA}.Release|Mixed Platforms.Deploy.0 = Release|Windows CE 5.0 (ARMV4I)
		{E60062C7-7190-4341-B50A-E439CCC83AAA}.Release|Win32.ActiveCfg = Release|Windows CE 5.0 (ARMV4I)
		{E60062C7-7190-4341-B50A-E439CCC83AAA}.Release|Windows CE 5.0 (ARMV4I).ActiveCfg = Release|Windows CE 5.0 (ARMV4I)
		{E60062C7-7190-4341-B50A-E439CCC83AAA}.Release|Windows CE 5.0 (ARMV4I).Build.0 = Release|Windows CE 5.0 (ARMV4I)
		{E60062C7-7190-4341-B50A-E439CCC83AAA}.Release|Windows CE 5.0 (ARMV4I).Deploy.0 = Release|Windows CE 5.0 (ARMV4I)
		{04FC066E-1A7B-4143-83E8-90966D583C86}.Debug|Mixed Platforms.ActiveCfg = Debug|Windows CE 5.0 (ARMV4I)
		{04FC066E-1A7B-4143-83E8-90966D583C86}.Debug|Mixed Platforms.Build.0 = Debug|Windows CE 5.0 (ARMV4I)
		{04FC066E-1A7B-4143-83E8-90966D583C86}.Debug|Mixed Platforms.Deploy.0 = Debug|Windows CE 5.0 (ARMV4I)
		{04FC066E-1A7B-4143-83E8-90966D583C86}.Debug|Win32.ActiveCfg = Debug|Windows CE 5.0 (ARMV4I)
		{04FC066E-1A7B-4143-83E8-90966D583C86}.Debug|Windows CE 5.0 (ARMV4I).ActiveCfg = Debug|Windows CE 5.0 (ARMV4I)
		{04FC066E-1A7B-4143-83E8-90966D583C86}.Debug|Windows CE 5.0 (ARMV4I).Build.0 = Debug|Windows CE 5.0 (ARMV4I)
		{04FC066E-1A7B-4143-83E8-90966D583C86}.Debug|Windows CE 5.0 (ARMV4I).Deploy.0 = Debug|Windows CE 5.0 (ARMV4I)
		{04FC066E-1A7B-4143-83E8-90966D583C86}.Release|Mixed Platforms.ActiveCfg = Release|Windows CE 5.0 (ARMV4I)
		{04FC066E-1A7B-4143-83E8-90966D583C86}.Release|Mixed Platforms.Build.0 = Release|Windows CE 5.0 (ARMV4I)
		{04FC066E-1A7B-4143-83E8-90966D583C86}.Release|Mixed Platforms.Deploy.0 = Release|Windows CE 5.0 (ARMV4I)
		{04FC066E-1A7B-4143-83E8-90966D583C86}.Release|Win32.ActiveCfg = Release|Windows CE 5.0 (ARMV4I)
		{04FC066E-1A7B-4143-83E8-90966D583C86}.Release|Windows CE 5.0 (ARMV4I).ActiveCfg = Release|Windows CE 5.0 (ARMV4I)
		{04FC066E-1A7B-4143-83E8-90966D583C86}.Release|Windows CE 5.0 (ARMV4I).Build.0 = Release|Windows CE 5.0 (ARMV4I)
		{04FC066E-1A7B-4143-83E8-90966D583C86}.Release|Windows CE 5.0 (ARMV4I).Deploy.0 = Release|Windows CE 5.0 (ARMV4I)
		{E45E260B-2D7B-4B36-869B-356EE1C73C01}.Debug|Mixed Platforms.ActiveCfg = Debug|Windows CE 5.0 (ARMV4I)
		{E45E260B-2D7B-4B36-869B-356EE1C73C01}.Debug|Mixed Platforms.Build.0 = Debug|Windows CE 5.0 (ARMV4I)
		{E45E260B-2D7B-4B36-869B-356EE1C73C01}.Debug|Mixed Platforms.Deploy.0 = Debug|Windows CE 5.0 (ARMV4I)
		{E45E260B-2D7B-4B36-869B-356EE1C73C01}.Debug|Win32.ActiveCfg = Debug|Windows CE 5.0 (ARMV4I)
		{E45E260B-2D7B-4B36-869B-356EE1C73C01}.Debug|Windows CE 5.0 (ARMV4I).ActiveCfg = Debug|Windows CE 5.0 (ARMV4I)
		{E45E260B-2D7B-4B36-869B-356EE1C73C01}.Debug|Windows CE 5.0 (ARMV4I).Build.0 = Debug|Windows CE 5.0 (ARMV4I)
		{E45E260B-2D7B-4B36-869B-356EE1C73C01}.Debug|Windows CE 5.0 (ARMV4I).Deploy.0 = Debug|Windows CE 5.0 (ARMV4I)
		{E45E260B-2D7B-4B36-869B-356EE1C73C01}.Release|Mixed Platforms.ActiveCfg = Release|Windows CE 5.0 (ARMV4I)
		{E45E260B-2D7B-4B36-869B-356EE1C73C01}.Release|Mixed Platforms.Build.0 = Release|Windows CE 5.0 (ARMV4I)
		{E45E260B-2D7B-4B36-869B-356EE1C73C01}.Release|Mixed Platforms.Deploy.0 = Release|Windows CE 5.0 (ARMV4I)
		{E45E260B-2D7B-4B36-869B-356EE1C73C01}.Release|Win32.ActiveCfg = Release|Windows CE 5.0 (ARMV4I)
		{E45E260B-2D7B-4B36-869B-356EE1C73C01}.Release|Windows CE 5.0 (ARMV4I).ActiveCfg = Release|Windows CE 5.0 (ARMV4I)
		{E45E260B-2D7B-4B36-869B-356EE1C73C01}.Release|Windows CE 5.0 (ARMV4I).Build.0 = Release|Windows CE 5.0 (ARMV4I)
		{E45E260B-2D7B-4B36-869B-356EE1C73C01}.Release|Windows CE 5.0 (ARMV4I).Deploy.0 = Release|Windows CE 5.0 (ARMV4I)
	EndGlobalSection
	GlobalSection(SolutionProperties) = preSolution
		HideSolutionNode = FALSE
	EndGlobalSection
EndGlobal
