
Microsoft Visual Studio Solution File, Format Version 12.00
# Visual Studio 2013
VisualStudioVersion = 12.0.21005.1
MinimumVisualStudioVersion = 10.0.40219.1
Project("{8BC9CEB8-8B4A-11D0-8D11-00A0C91BC942}") = "Latte", "framework\Latte.vcxproj", "{CDD24B18-98C5-429C-B6A1-BAD12BFC4E02}"
EndProject
Project("{8BC9CEB8-8B4A-11D0-8D11-00A0C91BC942}") = "LatteTest", "tests\LatteTest\LatteTest.vcxproj", "{0890DAA4-B57D-479C-A0E3-355D9674B21B}"
EndProject
Project("{8BC9CEB8-8B4A-11D0-8D11-00A0C91BC942}") = "LatteBoost", "framework\LatteBoost.vcxproj", "{A72A418E-C7D8-4B3F-9945-973BDF7D05E9}"
EndProject
Project("{8BC9CEB8-8B4A-11D0-8D11-00A0C91BC942}") = "LatteBoostTest", "tests\LatteBoostTest\LatteBoostTest.vcxproj", "{AB25F0BD-BD4B-4DA7-818E-50981752D068}"
EndProject
Global
	GlobalSection(SolutionConfigurationPlatforms) = preSolution
		Debug|Win32 = Debug|Win32
		Debug|x64 = Debug|x64
		Release|Win32 = Release|Win32
		Release|x64 = Release|x64
	EndGlobalSection
	GlobalSection(ProjectConfigurationPlatforms) = postSolution
		{CDD24B18-98C5-429C-B6A1-BAD12BFC4E02}.Debug|Win32.ActiveCfg = Debug|Win32
		{CDD24B18-98C5-429C-B6A1-BAD12BFC4E02}.Debug|Win32.Build.0 = Debug|Win32
		{CDD24B18-98C5-429C-B6A1-BAD12BFC4E02}.Debug|x64.ActiveCfg = Debug|Win32
		{CDD24B18-98C5-429C-B6A1-BAD12BFC4E02}.Release|Win32.ActiveCfg = Release|Win32
		{CDD24B18-98C5-429C-B6A1-BAD12BFC4E02}.Release|Win32.Build.0 = Release|Win32
		{CDD24B18-98C5-429C-B6A1-BAD12BFC4E02}.Release|x64.ActiveCfg = Release|Win32
		{0890DAA4-B57D-479C-A0E3-355D9674B21B}.Debug|Win32.ActiveCfg = Debug|Win32
		{0890DAA4-B57D-479C-A0E3-355D9674B21B}.Debug|Win32.Build.0 = Debug|Win32
		{0890DAA4-B57D-479C-A0E3-355D9674B21B}.Debug|x64.ActiveCfg = Debug|Win32
		{0890DAA4-B57D-479C-A0E3-355D9674B21B}.Release|Win32.ActiveCfg = Release|Win32
		{0890DAA4-B57D-479C-A0E3-355D9674B21B}.Release|Win32.Build.0 = Release|Win32
		{0890DAA4-B57D-479C-A0E3-355D9674B21B}.Release|x64.ActiveCfg = Release|Win32
		{A72A418E-C7D8-4B3F-9945-973BDF7D05E9}.Debug|Win32.ActiveCfg = Debug|Win32
		{A72A418E-C7D8-4B3F-9945-973BDF7D05E9}.Debug|Win32.Build.0 = Debug|Win32
		{A72A418E-C7D8-4B3F-9945-973BDF7D05E9}.Debug|x64.ActiveCfg = Debug|Win32
		{A72A418E-C7D8-4B3F-9945-973BDF7D05E9}.Release|Win32.ActiveCfg = Release|Win32
		{A72A418E-C7D8-4B3F-9945-973BDF7D05E9}.Release|Win32.Build.0 = Release|Win32
		{A72A418E-C7D8-4B3F-9945-973BDF7D05E9}.Release|x64.ActiveCfg = Release|Win32
		{AB25F0BD-BD4B-4DA7-818E-50981752D068}.Debug|Win32.ActiveCfg = Debug|Win32
		{AB25F0BD-BD4B-4DA7-818E-50981752D068}.Debug|Win32.Build.0 = Debug|Win32
		{AB25F0BD-BD4B-4DA7-818E-50981752D068}.Debug|x64.ActiveCfg = Debug|Win32
		{AB25F0BD-BD4B-4DA7-818E-50981752D068}.Release|Win32.ActiveCfg = Release|Win32
		{AB25F0BD-BD4B-4DA7-818E-50981752D068}.Release|Win32.Build.0 = Release|Win32
		{AB25F0BD-BD4B-4DA7-818E-50981752D068}.Release|x64.ActiveCfg = Release|Win32
	EndGlobalSection
	GlobalSection(SolutionProperties) = preSolution
		HideSolutionNode = FALSE
	EndGlobalSection
EndGlobal
