<?xml version="1.0" encoding="utf-8"?>
<Project ToolsVersion="4.0" xmlns="http://schemas.microsoft.com/developer/msbuild/2003">
  <ItemGroup>
    <Filter Include="res">
      <UniqueIdentifier>{c04048ff-0e67-47dd-af94-210b67f63647}</UniqueIdentifier>
    </Filter>
    <Filter Include="external">
      <UniqueIdentifier>{a941f5b3-1c62-47bf-8bed-775ae0f98a92}</UniqueIdentifier>
    </Filter>
    <Filter Include="external\lib_json">
      <UniqueIdentifier>{43d78933-188b-4857-b2c5-d211ced357fc}</UniqueIdentifier>
    </Filter>
    <Filter Include="cef">
      <UniqueIdentifier>{2ea0a007-54f2-4a9e-932d-d092f6b47041}</UniqueIdentifier>
    </Filter>
    <Filter Include="external\md5">
      <UniqueIdentifier>{4e9b4e47-eb9d-46ea-967c-7ff68187eb40}</UniqueIdentifier>
    </Filter>
  </ItemGroup>
  <ItemGroup>
    <ResourceCompile Include="res\Helpers.rc">
      <Filter>res</Filter>
    </ResourceCompile>
  </ItemGroup>
  <ItemGroup>
    <Image Include="res\Helpers.ico">
      <Filter>res</Filter>
    </Image>
    <Image Include="res\small.ico">
      <Filter>res</Filter>
    </Image>
  </ItemGroup>
  <ItemGroup>
    <Text Include="ReadMe.txt" />
  </ItemGroup>
  <ItemGroup>
    <ClCompile Include="src\helpers.cpp" />
    <ClCompile Include="..\..\..\framework\external\json\src\lib_json\json_reader.cpp">
      <Filter>external\lib_json</Filter>
    </ClCompile>
    <ClCompile Include="..\..\..\framework\external\json\src\lib_json\json_value.cpp">
      <Filter>external\lib_json</Filter>
    </ClCompile>
    <ClCompile Include="..\..\..\framework\external\json\src\lib_json\json_writer.cpp">
      <Filter>external\lib_json</Filter>
    </ClCompile>
    <ClCompile Include="src\binding_test.cpp">
      <Filter>cef</Filter>
    </ClCompile>
    <ClCompile Include="src\client_app_delegates.cpp">
      <Filter>cef</Filter>
    </ClCompile>
    <ClCompile Include="src\client_renderer.cpp">
      <Filter>cef</Filter>
    </ClCompile>
    <ClCompile Include="src\simple_app.cpp">
      <Filter>cef</Filter>
    </ClCompile>
    <ClCompile Include="src\simple_handler.cpp">
      <Filter>cef</Filter>
    </ClCompile>
    <ClCompile Include="src\simple_handler_win.cpp">
      <Filter>cef</Filter>
    </ClCompile>
    <ClCompile Include="..\..\..\framework\external\md5\md5.cpp">
      <Filter>external\md5</Filter>
    </ClCompile>
    <ClCompile Include="..\..\..\framework\external\md5\test.cpp">
      <Filter>external\md5</Filter>
    </ClCompile>
  </ItemGroup>
  <ItemGroup>
    <ClInclude Include="res\resource.h" />
    <ClInclude Include="src\targetver.h" />
    <ClInclude Include="src\helpers.h" />
    <ClInclude Include="..\..\..\framework\external\json\src\lib_json\json_batchallocator.h">
      <Filter>external\lib_json</Filter>
    </ClInclude>
    <ClInclude Include="..\..\..\framework\external\json\src\lib_json\json_tool.h">
      <Filter>external\lib_json</Filter>
    </ClInclude>
    <ClInclude Include="src\binding_test.h">
      <Filter>cef</Filter>
    </ClInclude>
    <ClInclude Include="src\client_renderer.h">
      <Filter>cef</Filter>
    </ClInclude>
    <ClInclude Include="src\simple_app.h">
      <Filter>cef</Filter>
    </ClInclude>
    <ClInclude Include="src\simple_handler.h">
      <Filter>cef</Filter>
    </ClInclude>
    <ClInclude Include="src\util.h">
      <Filter>cef</Filter>
    </ClInclude>
    <ClInclude Include="..\..\..\framework\external\md5\md5.h">
      <Filter>external\md5</Filter>
    </ClInclude>
  </ItemGroup>
  <ItemGroup>
    <None Include="..\..\..\framework\external\json\src\lib_json\json_internalarray.inl">
      <Filter>external\lib_json</Filter>
    </None>
    <None Include="..\..\..\framework\external\json\src\lib_json\json_internalmap.inl">
      <Filter>external\lib_json</Filter>
    </None>
    <None Include="..\..\..\framework\external\json\src\lib_json\json_valueiterator.inl">
      <Filter>external\lib_json</Filter>
    </None>
  </ItemGroup>
</Project>