<?xml version="1.0" encoding="utf-8"?>
<Project ToolsVersion="4.0" xmlns="http://schemas.microsoft.com/developer/msbuild/2003">
  <ItemGroup>
    <Filter Include="源文件">
      <UniqueIdentifier>{4FC737F1-C7A5-4376-A066-2A32D752A2FF}</UniqueIdentifier>
      <Extensions>cpp;c;cc;cxx;def;odl;idl;hpj;bat;asm;asmx</Extensions>
    </Filter>
    <Filter Include="源文件\external">
      <UniqueIdentifier>{9a1d32dd-0869-4a74-8d95-5a48d279b498}</UniqueIdentifier>
    </Filter>
    <Filter Include="源文件\external\json">
      <UniqueIdentifier>{2392ee13-c1e0-4ce9-a2da-50ecebc71310}</UniqueIdentifier>
    </Filter>
    <Filter Include="头文件">
      <UniqueIdentifier>{93995380-89BD-4b04-88EB-625FBE52EBFB}</UniqueIdentifier>
      <Extensions>h;hpp;hxx;hm;inl;inc;xsd</Extensions>
    </Filter>
    <Filter Include="资源文件">
      <UniqueIdentifier>{67DA6AB6-F800-4c08-8B7A-83BB121AAD01}</UniqueIdentifier>
      <Extensions>rc;ico;cur;bmp;dlg;rc2;rct;bin;rgs;gif;jpg;jpeg;jpe;resx;tiff;tif;png;wav</Extensions>
    </Filter>
  </ItemGroup>
  <ItemGroup>
    <ClInclude Include="..\libBoost\base\global.h">
      <Filter>源文件</Filter>
    </ClInclude>
    <ClInclude Include="..\libBoost\base\macros.h">
      <Filter>源文件</Filter>
    </ClInclude>
    <ClInclude Include="..\libBoost\core\XApplication.h">
      <Filter>源文件</Filter>
    </ClInclude>
    <ClInclude Include="..\libBoost\net\XDownloader.h">
      <Filter>源文件</Filter>
    </ClInclude>
    <ClInclude Include="..\libBoost\core\XLatte.h">
      <Filter>源文件</Filter>
    </ClInclude>
    <ClInclude Include="..\libBoost\core\XObserver.h">
      <Filter>源文件</Filter>
    </ClInclude>
    <ClInclude Include="..\libBoost\core\XScheduler.h">
      <Filter>源文件</Filter>
    </ClInclude>
    <ClInclude Include="..\libBoost\net\updater\XUpdater.h">
      <Filter>源文件</Filter>
    </ClInclude>
    <ClInclude Include="..\libBoost\utils\XUtilsFile.h">
      <Filter>源文件</Filter>
    </ClInclude>
    <ClInclude Include="..\libBoost\utils\XUtilsFormatter.h">
      <Filter>源文件</Filter>
    </ClInclude>
    <ClInclude Include="..\libBoost\utils\XUtilsMath.h">
      <Filter>源文件</Filter>
    </ClInclude>
    <ClInclude Include="..\external\json\src\lib_json\json_batchallocator.h">
      <Filter>源文件\external\json</Filter>
    </ClInclude>
    <ClInclude Include="..\external\json\src\lib_json\json_tool.h">
      <Filter>源文件\external\json</Filter>
    </ClInclude>
  </ItemGroup>
  <ItemGroup>
    <ClCompile Include="..\libBoost\core\XApplication.cpp">
      <Filter>源文件</Filter>
    </ClCompile>
    <ClCompile Include="..\libBoost\net\XDownloader.cpp">
      <Filter>源文件</Filter>
    </ClCompile>
    <ClCompile Include="..\libBoost\core\XLatte.cpp">
      <Filter>源文件</Filter>
    </ClCompile>
    <ClCompile Include="..\libBoost\core\XObserver.cpp">
      <Filter>源文件</Filter>
    </ClCompile>
    <ClCompile Include="..\libBoost\core\XScheduler.cpp">
      <Filter>源文件</Filter>
    </ClCompile>
    <ClCompile Include="..\libBoost\net\updater\XUpdater.cpp">
      <Filter>源文件</Filter>
    </ClCompile>
    <ClCompile Include="..\libBoost\utils\XUtilsFile.cpp">
      <Filter>源文件</Filter>
    </ClCompile>
    <ClCompile Include="..\libBoost\utils\XUtilsFormatter.cpp">
      <Filter>源文件</Filter>
    </ClCompile>
    <ClCompile Include="..\libBoost\utils\XUtilsMath.cpp">
      <Filter>源文件</Filter>
    </ClCompile>
    <ClCompile Include="..\external\json\src\lib_json\json_reader.cpp">
      <Filter>源文件\external\json</Filter>
    </ClCompile>
    <ClCompile Include="..\external\json\src\lib_json\json_value.cpp">
      <Filter>源文件\external\json</Filter>
    </ClCompile>
    <ClCompile Include="..\external\json\src\lib_json\json_writer.cpp">
      <Filter>源文件\external\json</Filter>
    </ClCompile>
  </ItemGroup>
  <ItemGroup>
    <None Include="..\external\json\src\lib_json\json_internalarray.inl">
      <Filter>源文件\external\json</Filter>
    </None>
    <None Include="..\external\json\src\lib_json\json_internalmap.inl">
      <Filter>源文件\external\json</Filter>
    </None>
    <None Include="..\external\json\src\lib_json\json_valueiterator.inl">
      <Filter>源文件\external\json</Filter>
    </None>
  </ItemGroup>
</Project>